# This file is @generated by PDM.
# It is not intended for manual editing.

[[package]]
name = "attrs"
version = "22.2.0"
requires_python = ">=3.6"
summary = "Classes Without Boilerplate"

[[package]]
name = "colorama"
version = "0.4.6"
requires_python = "!=3.0.*,!=3.1.*,!=3.2.*,!=3.3.*,!=3.4.*,!=3.5.*,!=3.6.*,>=2.7"
summary = "Cross-platform colored terminal text."

[[package]]
name = "coverage"
version = "7.0.5"
requires_python = ">=3.7"
summary = "Code coverage measurement for Python"

[[package]]
name = "cython"
version = "0.29.34"
requires_python = ">=2.6, !=3.0.*, !=3.1.*, !=3.2.*"
summary = "The Cython compiler for writing C extensions for the Python language."

[[package]]
name = "exceptiongroup"
version = "1.1.1"
requires_python = ">=3.7"
summary = "Backport of PEP 654 (exception groups)"

[[package]]
name = "iniconfig"
version = "2.0.0"
requires_python = ">=3.7"
summary = "brain-dead simple config-ini parsing"

[[package]]
name = "lru-dict"
version = "1.1.8"
summary = "An Dict like LRU container."

[[package]]
name = "packaging"
version = "23.0"
requires_python = ">=3.7"
summary = "Core utilities for Python packages"

[[package]]
name = "pluggy"
version = "1.0.0"
requires_python = ">=3.6"
summary = "plugin and hook calling mechanisms for python"

[[package]]
name = "pytest"
version = "7.2.2"
requires_python = ">=3.7"
summary = "pytest: simple powerful testing with Python"
dependencies = [
    "attrs>=19.2.0",
    "colorama; sys_platform == \"win32\"",
    "exceptiongroup>=1.0.0rc8; python_version < \"3.11\"",
    "iniconfig",
    "packaging",
    "pluggy<2.0,>=0.12",
    "tomli>=1.0.0; python_version < \"3.11\"",
]

[[package]]
name = "tomli"
version = "2.0.1"
requires_python = ">=3.7"
summary = "A lil' TOML parser"

[[package]]
name = "typing-extensions"
version = "4.5.0"
requires_python = ">=3.7"
summary = "Backported and Experimental Type Hints for Python 3.7+"

[metadata]
lock_version = "4.1"
content_hash = "sha256:4014bae2877b12d90b5e7e8fb3c66234da838ffe7eefcb879190431add2cb242"

[metadata.files]
"attrs 22.2.0" = [
    {url = "https://files.pythonhosted.org/packages/21/31/3f468da74c7de4fcf9b25591e682856389b3400b4b62f201e65f15ea3e07/attrs-22.2.0.tar.gz", hash = "sha256:c9227bfc2f01993c03f68db37d1d15c9690188323c067c641f1a35ca58185f99"},
    {url = "https://files.pythonhosted.org/packages/fb/6e/6f83bf616d2becdf333a1640f1d463fef3150e2e926b7010cb0f81c95e88/attrs-22.2.0-py3-none-any.whl", hash = "sha256:29e95c7f6778868dbd49170f98f8818f78f3dc5e0e37c0b1f474e3561b240836"},
]
"colorama 0.4.6" = [
    {url = "https://files.pythonhosted.org/packages/d1/d6/3965ed04c63042e047cb6a3e6ed1a63a35087b6a609aa3a15ed8ac56c221/colorama-0.4.6-py2.py3-none-any.whl", hash = "sha256:4f1d9991f5acc0ca119f9d443620b77f9d6b33703e51011c16baf57afb285fc6"},
    {url = "https://files.pythonhosted.org/packages/d8/53/6f443c9a4a8358a93a6792e2acffb9d9d5cb0a5cfd8802644b7b1c9a02e4/colorama-0.4.6.tar.gz", hash = "sha256:08695f5cb7ed6e0531a20572697297273c47b8cae5a63ffc6d6ed5c201be6e44"},
]
"coverage 7.0.5" = [
    {url = "https://files.pythonhosted.org/packages/01/01/8d17427fbeb0ee132111c543bfeea5ab403d6869812cf6085adc18debecf/coverage-7.0.5-cp310-cp310-manylinux_2_5_x86_64.manylinux1_x86_64.manylinux_2_17_x86_64.manylinux2014_x86_64.whl", hash = "sha256:a9fed35ca8c6e946e877893bbac022e8563b94404a605af1d1e6accc7eb73289"},
    {url = "https://files.pythonhosted.org/packages/02/d6/c095845877f235b52a7113e08e750a9210feabf059b71133e9349eccb836/coverage-7.0.5-cp38-cp38-manylinux_2_5_x86_64.manylinux1_x86_64.manylinux_2_17_x86_64.manylinux2014_x86_64.whl", hash = "sha256:95304068686545aa368b35dfda1cdfbbdbe2f6fe43de4a2e9baa8ebd71be46e2"},
    {url = "https://files.pythonhosted.org/packages/03/ba/da1510983720f5196f4c8fe01489b6ce9c4fa661fe9aa9375611e639a8d7/coverage-7.0.5-cp37-cp37m-win32.whl", hash = "sha256:d8f3e2e0a1d6777e58e834fd5a04657f66affa615dae61dd67c35d1568c38882"},
    {url = "https://files.pythonhosted.org/packages/06/45/d201ad5b5b7e44764769421fcd1a9cbb0fa3fc7bb4020d83f955e2a6fb2d/coverage-7.0.5-cp38-cp38-musllinux_1_1_i686.whl", hash = "sha256:ea76dbcad0b7b0deb265d8c36e0801abcddf6cc1395940a24e3595288b405ca0"},
    {url = "https://files.pythonhosted.org/packages/0b/0c/c1f48457a7df79c53299d56e1632d1907cc8548fe158b2c839ad8e456584/coverage-7.0.5-cp37-cp37m-manylinux_2_5_i686.manylinux1_i686.manylinux_2_17_i686.manylinux2014_i686.whl", hash = "sha256:b8c56bec53d6e3154eaff6ea941226e7bd7cc0d99f9b3756c2520fc7a94e6d96"},
    {url = "https://files.pythonhosted.org/packages/13/31/f4b97b92913e6dbffc11e1e575e01eb8fff7abaaf4b38b11208ecc362207/coverage-7.0.5-cp38-cp38-manylinux_2_17_aarch64.manylinux2014_aarch64.whl", hash = "sha256:d66187792bfe56f8c18ba986a0e4ae44856b1c645336bd2c776e3386da91e1dd"},
    {url = "https://files.pythonhosted.org/packages/16/4b/25fffab188056faf56071b38b72e8e5ae74c7f7f5f8302a764f9f915512c/coverage-7.0.5-cp39-cp39-win_amd64.whl", hash = "sha256:949844af60ee96a376aac1ded2a27e134b8c8d35cc006a52903fc06c24a3296f"},
    {url = "https://files.pythonhosted.org/packages/1d/87/65a9ac379bd840950efd5d69cf97584a4f21ef939c3d05a74edbd308aa2b/coverage-7.0.5-pp37.pp38.pp39-none-any.whl", hash = "sha256:b9727ac4f5cf2cbf87880a63870b5b9730a8ae3a4a360241a0fdaa2f71240ff0"},
    {url = "https://files.pythonhosted.org/packages/28/7c/7574b64b81d1be6fe5fb5ce9364a6c82507d474678d44c2bd69b7f40ffe9/coverage-7.0.5-cp38-cp38-win_amd64.whl", hash = "sha256:4a950f83fd3f9bca23b77442f3a2b2ea4ac900944d8af9993743774c4fdc57af"},
    {url = "https://files.pythonhosted.org/packages/29/1e/6cbbb64032ba687cc88f719556e63bb28555807ecbdf8aaedaff2e535f54/coverage-7.0.5-cp37-cp37m-musllinux_1_1_i686.whl", hash = "sha256:220e3fa77d14c8a507b2d951e463b57a1f7810a6443a26f9b7591ef39047b1b2"},
    {url = "https://files.pythonhosted.org/packages/35/51/0dd2e96c0f2cbd08fca3277ab61728e9fa1e30b4a6fbf64ec112b86ac090/coverage-7.0.5-cp38-cp38-musllinux_1_1_x86_64.whl", hash = "sha256:50a6adc2be8edd7ee67d1abc3cd20678987c7b9d79cd265de55941e3d0d56499"},
    {url = "https://files.pythonhosted.org/packages/39/ee/06bf06e1670678934b60c818ce295dea7b9c361e1adc72b4651e933f959a/coverage-7.0.5-cp38-cp38-manylinux_2_5_i686.manylinux1_i686.manylinux_2_17_i686.manylinux2014_i686.whl", hash = "sha256:276f4cd0001cd83b00817c8db76730938b1ee40f4993b6a905f40a7278103b3a"},
    {url = "https://files.pythonhosted.org/packages/3e/fc/80617dba15621700e9fee56ced5f728376a6f853e1e32181b63f64c0888a/coverage-7.0.5-cp39-cp39-macosx_10_9_x86_64.whl", hash = "sha256:3c2155943896ac78b9b0fd910fb381186d0c345911f5333ee46ac44c8f0e43ab"},
    {url = "https://files.pythonhosted.org/packages/4c/f1/c8c99bb9902df7a01ac80ca850a0fbf2c5d2bf25755841ffdb5d72c1b068/coverage-7.0.5-cp310-cp310-win32.whl", hash = "sha256:be9fcf32c010da0ba40bf4ee01889d6c737658f4ddff160bd7eb9cac8f094b21"},
    {url = "https://files.pythonhosted.org/packages/53/6c/d206426bd4896df14f88581e47198e509a376f50e3ced18bce75f31aabb5/coverage-7.0.5-cp311-cp311-macosx_11_0_arm64.whl", hash = "sha256:1caed2367b32cc80a2b7f58a9f46658218a19c6cfe5bc234021966dc3daa01f0"},
    {url = "https://files.pythonhosted.org/packages/59/95/22de7c62c8e24b17cc5c337a0523e5e9c8cf63b0e8e10e3628863681875a/coverage-7.0.5-cp38-cp38-win32.whl", hash = "sha256:e4ce984133b888cc3a46867c8b4372c7dee9cee300335e2925e197bcd45b9e16"},
    {url = "https://files.pythonhosted.org/packages/5a/79/7acd51daffd3e53f8a6f2f43543f686b46c206e6f36e2203ca2ca15d72ec/coverage-7.0.5-cp310-cp310-macosx_10_9_x86_64.whl", hash = "sha256:2a7f23bbaeb2a87f90f607730b45564076d870f1fb07b9318d0c21f36871932b"},
    {url = "https://files.pythonhosted.org/packages/63/74/a65dc4de105d34240d7c46c246371471d64b5b163d1503f29108f1297a4d/coverage-7.0.5-cp310-cp310-manylinux_2_5_i686.manylinux1_i686.manylinux_2_17_i686.manylinux2014_i686.whl", hash = "sha256:66e50680e888840c0995f2ad766e726ce71ca682e3c5f4eee82272c7671d38a2"},
    {url = "https://files.pythonhosted.org/packages/66/c9/08ed37cdf2101a6832dfe99307fdbf6d9d5abc2070105ee061b7385a1f80/coverage-7.0.5-cp38-cp38-musllinux_1_1_aarch64.whl", hash = "sha256:17e01dd8666c445025c29684d4aabf5a90dc6ef1ab25328aa52bedaa95b65ad7"},
    {url = "https://files.pythonhosted.org/packages/6c/f4/4f4011153af468e75f9f4708953daf56c6945b3f0bf3fb813d9747f3eefa/coverage-7.0.5-cp311-cp311-win_amd64.whl", hash = "sha256:1f66862d3a41674ebd8d1a7b6f5387fe5ce353f8719040a986551a545d7d83ea"},
    {url = "https://files.pythonhosted.org/packages/71/56/29e6648e9c0542602d0989c4848e605a6e2b98af79c454b6fd1f14ed03ee/coverage-7.0.5-cp38-cp38-macosx_10_9_x86_64.whl", hash = "sha256:790e4433962c9f454e213b21b0fd4b42310ade9c077e8edcb5113db0818450cb"},
    {url = "https://files.pythonhosted.org/packages/71/5e/55d1d143327306f793fce0cb34b2a4ab0d5a1559d632ca5e327a9f9bb848/coverage-7.0.5-cp310-cp310-musllinux_1_1_aarch64.whl", hash = "sha256:d8d04e755934195bdc1db45ba9e040b8d20d046d04d6d77e71b3b34a8cc002d0"},
    {url = "https://files.pythonhosted.org/packages/7a/a8/3b985e615a9a5c255ab2782aec1259e1dc5bce82bda76459d16e0795ce33/coverage-7.0.5-cp37-cp37m-manylinux_2_17_aarch64.manylinux2014_aarch64.whl", hash = "sha256:436e103950d05b7d7f55e39beeb4d5be298ca3e119e0589c0227e6d0b01ee8c7"},
    {url = "https://files.pythonhosted.org/packages/7c/08/6e8508b6fdad45895daf46cf37a27e043e1162e1353b4f8940987bdaee1d/coverage-7.0.5-cp310-cp310-manylinux_2_17_aarch64.manylinux2014_aarch64.whl", hash = "sha256:ef14d75d86f104f03dea66c13188487151760ef25dd6b2dbd541885185f05f40"},
    {url = "https://files.pythonhosted.org/packages/82/9c/ad0cd77d84de4e561c77905a735397f27abee1a526ca715d2ec7759047ae/coverage-7.0.5-cp37-cp37m-win_amd64.whl", hash = "sha256:9e662e6fc4f513b79da5d10a23edd2b87685815b337b1a30cd11307a6679148d"},
    {url = "https://files.pythonhosted.org/packages/84/b3/992a6b222b14c99e6d4aa9f448c670a5f614648597499de6ddc11be839e3/coverage-7.0.5.tar.gz", hash = "sha256:051afcbd6d2ac39298d62d340f94dbb6a1f31de06dfaf6fcef7b759dd3860c45"},
    {url = "https://files.pythonhosted.org/packages/87/f7/6259d91f3b3a0c38337e99b85a10ebfd3e1a15273452cee72151b281e57d/coverage-7.0.5-cp310-cp310-win_amd64.whl", hash = "sha256:cbfcba14a3225b055a28b3199c3d81cd0ab37d2353ffd7f6fd64844cebab31ad"},
    {url = "https://files.pythonhosted.org/packages/88/88/1bfb18b78f068ffae4c87cb39b0351e6709ce9a655cfe6b0a7e397b669f8/coverage-7.0.5-cp311-cp311-macosx_10_9_x86_64.whl", hash = "sha256:30b5fec1d34cc932c1bc04017b538ce16bf84e239378b8f75220478645d11fca"},
    {url = "https://files.pythonhosted.org/packages/8b/e4/ca474e48fe69f2307cf9f2bb775a86130fad765b38ba9b402469d44b7893/coverage-7.0.5-cp37-cp37m-musllinux_1_1_x86_64.whl", hash = "sha256:ecb0f73954892f98611e183f50acdc9e21a4653f294dfbe079da73c6378a6f47"},
    {url = "https://files.pythonhosted.org/packages/9b/38/b407288f8142c3b14c3f36a145d1380e5750781b22997eb1b659f194b093/coverage-7.0.5-cp39-cp39-manylinux_2_5_x86_64.manylinux1_x86_64.manylinux_2_17_x86_64.manylinux2014_x86_64.whl", hash = "sha256:13250b1f0bd023e0c9f11838bdeb60214dd5b6aaf8e8d2f110c7e232a1bff83b"},
    {url = "https://files.pythonhosted.org/packages/a4/3c/662aa204ff721bbad7321908013fca51ed6b64ae24e94c699f0789528111/coverage-7.0.5-cp311-cp311-manylinux_2_5_x86_64.manylinux1_x86_64.manylinux_2_17_x86_64.manylinux2014_x86_64.whl", hash = "sha256:7b05ed4b35bf6ee790832f68932baf1f00caa32283d66cc4d455c9e9d115aafc"},
    {url = "https://files.pythonhosted.org/packages/a4/dc/3671f11710feeb83fda4b2b7a70262c6bf7e32f8a43c31fa33b5d83bac0a/coverage-7.0.5-cp311-cp311-musllinux_1_1_i686.whl", hash = "sha256:e057e74e53db78122a3979f908973e171909a58ac20df05c33998d52e6d35757"},
    {url = "https://files.pythonhosted.org/packages/a5/da/f340fca24231ca2ac91807d2ea3596be6d4effab7b870c74949b9a92dbeb/coverage-7.0.5-cp39-cp39-macosx_11_0_arm64.whl", hash = "sha256:54f7e9705e14b2c9f6abdeb127c390f679f6dbe64ba732788d3015f7f76ef637"},
    {url = "https://files.pythonhosted.org/packages/a7/15/bbea207f612ba112536bcf7a4c57529738f11fcf41b307d62459ec788ca5/coverage-7.0.5-cp39-cp39-musllinux_1_1_x86_64.whl", hash = "sha256:f26648e1b3b03b6022b48a9b910d0ae209e2d51f50441db5dce5b530fad6d9b1"},
    {url = "https://files.pythonhosted.org/packages/a8/96/e88aeefcf6aa03996a685f0dd61100a0b6ffa0e371f8a3089827595c9913/coverage-7.0.5-cp37-cp37m-manylinux_2_5_x86_64.manylinux1_x86_64.manylinux_2_17_x86_64.manylinux2014_x86_64.whl", hash = "sha256:7a38362528a9115a4e276e65eeabf67dcfaf57698e17ae388599568a78dcb029"},
    {url = "https://files.pythonhosted.org/packages/a8/98/e0308655f42fa5b1daf3574c79c32628936ed6fa11d8e8f3b970d185220a/coverage-7.0.5-cp311-cp311-musllinux_1_1_aarch64.whl", hash = "sha256:29de916ba1099ba2aab76aca101580006adfac5646de9b7c010a0f13867cba45"},
    {url = "https://files.pythonhosted.org/packages/ac/9a/5a0e4c17f105eb04caa7cd4e524a734badb6198c36617ac124002a68aa3b/coverage-7.0.5-cp39-cp39-manylinux_2_17_aarch64.manylinux2014_aarch64.whl", hash = "sha256:0ee30375b409d9a7ea0f30c50645d436b6f5dfee254edffd27e45a980ad2c7f4"},
    {url = "https://files.pythonhosted.org/packages/b6/e0/1b5b5bf33eaba010395864415aaa5c036a3fb10780cc2c92b3a8e51f035b/coverage-7.0.5-cp310-cp310-musllinux_1_1_i686.whl", hash = "sha256:7e109f1c9a3ece676597831874126555997c48f62bddbcace6ed17be3e372de8"},
    {url = "https://files.pythonhosted.org/packages/b7/fc/7deab9d5d5af9d9ac360922d088250a644a2a2d0627d70a2043b76c260cc/coverage-7.0.5-cp39-cp39-musllinux_1_1_aarch64.whl", hash = "sha256:2c407b1950b2d2ffa091f4e225ca19a66a9bd81222f27c56bd12658fc5ca1209"},
    {url = "https://files.pythonhosted.org/packages/c0/7f/7875a6e6a2522e8b7bc683be78714badd4ac8b3d90b69fc2cadc20ca4d52/coverage-7.0.5-cp310-cp310-musllinux_1_1_x86_64.whl", hash = "sha256:0a1890fca2962c4f1ad16551d660b46ea77291fba2cc21c024cd527b9d9c8809"},
    {url = "https://files.pythonhosted.org/packages/c2/46/fb2e5ea06f34fbefc6d56a49508865c0d8268a7fa4645313d3a176a41161/coverage-7.0.5-cp39-cp39-win32.whl", hash = "sha256:ba3027deb7abf02859aca49c865ece538aee56dcb4871b4cced23ba4d5088904"},
    {url = "https://files.pythonhosted.org/packages/c2/c1/daf9e61cb35b8c5b781f94b85941fbbc233502f3dfda864d83f4c677391b/coverage-7.0.5-cp39-cp39-musllinux_1_1_i686.whl", hash = "sha256:c76a3075e96b9c9ff00df8b5f7f560f5634dffd1658bafb79eb2682867e94f78"},
    {url = "https://files.pythonhosted.org/packages/c6/81/e01309e5ba812a767bfd3ef692a619ee459af4d9313e7244305561aa2341/coverage-7.0.5-cp311-cp311-manylinux_2_17_aarch64.manylinux2014_aarch64.whl", hash = "sha256:d254666d29540a72d17cc0175746cfb03d5123db33e67d1020e42dae611dc196"},
    {url = "https://files.pythonhosted.org/packages/c7/47/39dda27c8eb0729762ccd3e9ca83d2b7a6e748872cc29533fae832d929a9/coverage-7.0.5-cp37-cp37m-macosx_10_9_x86_64.whl", hash = "sha256:b69522b168a6b64edf0c33ba53eac491c0a8f5cc94fa4337f9c6f4c8f2f5296c"},
    {url = "https://files.pythonhosted.org/packages/c8/f1/701995cc6a65dbc57b6cfcd60e4d2358735c6fcec877bd8f85963eb0c48d/coverage-7.0.5-cp37-cp37m-musllinux_1_1_aarch64.whl", hash = "sha256:f67472c09a0c7486e27f3275f617c964d25e35727af952869dd496b9b5b7f6a3"},
    {url = "https://files.pythonhosted.org/packages/cc/55/40719c5b7b7503144ffcf55ead8d37c6e8ec2269293a11c5d7654caa5228/coverage-7.0.5-cp311-cp311-manylinux_2_5_i686.manylinux1_i686.manylinux_2_17_i686.manylinux2014_i686.whl", hash = "sha256:19245c249aa711d954623d94f23cc94c0fd65865661f20b7781210cb97c471c0"},
    {url = "https://files.pythonhosted.org/packages/d0/eb/52b1585f1da59f25a2d0ef79988795fa46ab99b48d44df2e38e99c725a63/coverage-7.0.5-cp38-cp38-macosx_11_0_arm64.whl", hash = "sha256:49640bda9bda35b057b0e65b7c43ba706fa2335c9a9896652aebe0fa399e80e6"},
    {url = "https://files.pythonhosted.org/packages/ea/fe/5116a0d06a3f6b61d5f147e7d968cdd472b4213f497e3d600afea3ea2f1c/coverage-7.0.5-cp310-cp310-macosx_11_0_arm64.whl", hash = "sha256:c18d47f314b950dbf24a41787ced1474e01ca816011925976d90a88b27c22b89"},
    {url = "https://files.pythonhosted.org/packages/ed/38/150ae9c3ee2f9544a1c1c50a78c98364d4e6ce9025cd647b739ec3b776b7/coverage-7.0.5-cp311-cp311-win32.whl", hash = "sha256:52ab14b9e09ce052237dfe12d6892dd39b0401690856bcfe75d5baba4bfe2831"},
    {url = "https://files.pythonhosted.org/packages/ed/75/fa4b613e2d4d8b0773ac21061cedd29a7a158ab9139c932011fdafc0cbc3/coverage-7.0.5-cp311-cp311-musllinux_1_1_x86_64.whl", hash = "sha256:411d4ff9d041be08fdfc02adf62e89c735b9468f6d8f6427f8a14b6bb0a85095"},
    {url = "https://files.pythonhosted.org/packages/ff/ff/cfb9b03d3673d24aae2a40397d812cde590e36f5e4aad3efa946910965c3/coverage-7.0.5-cp39-cp39-manylinux_2_5_i686.manylinux1_i686.manylinux_2_17_i686.manylinux2014_i686.whl", hash = "sha256:b78729038abea6a5df0d2708dce21e82073463b2d79d10884d7d591e0f385ded"},
]
"cython 0.29.34" = [
    {url = "https://files.pythonhosted.org/packages/01/7f/be6a89dee727050bc617031ae8a485c01cbf8c52399d638cfbad035ecb6b/Cython-0.29.34-cp35-cp35m-manylinux_2_5_x86_64.manylinux1_x86_64.whl", hash = "sha256:fd1ea21f1cebf33ae288caa0f3e9b5563a709f4df8925d53bad99be693fc0d9b"},
    {url = "https://files.pythonhosted.org/packages/04/ef/2b65cdacdd9f327d672af2a37a2c75e8d7e4aeaff6c7a445ba305f1b572f/Cython-0.29.34-cp37-cp37m-musllinux_1_1_x86_64.whl", hash = "sha256:0e9032cd650b0cb1d2c2ef2623f5714c14d14c28d7647d589c3eeed0baf7428e"},
    {url = "https://files.pythonhosted.org/packages/0a/70/1500f05bddb16d795b29fac42954b3c8764c82367b8326c10f038471ae7f/Cython-0.29.34.tar.gz", hash = "sha256:1909688f5d7b521a60c396d20bba9e47a1b2d2784bfb085401e1e1e7d29a29a8"},
    {url = "https://files.pythonhosted.org/packages/18/0d/1ef8b236b029c1bb3b04ba2b7cc167d3b84ad60eba0d2d3241fcecf208a9/Cython-0.29.34-cp38-cp38-manylinux_2_17_x86_64.manylinux2014_x86_64.manylinux_2_24_x86_64.whl", hash = "sha256:a8ad755f9364e720f10a36734a1c7a5ced5c679446718b589259261438a517c9"},
    {url = "https://files.pythonhosted.org/packages/1b/1c/2cd8a6b8cf8d1e9d1379e3b90e84c739309f74e947ec32b8287147c7950d/Cython-0.29.34-cp311-cp311-musllinux_1_1_x86_64.whl", hash = "sha256:dbd79221869ee9a6ccc4953b2c8838bb6ae08ab4d50ea4b60d7894f03739417b"},
    {url = "https://files.pythonhosted.org/packages/23/08/d301e2e6fd836df6e838e92a244ccef5f1e041d284b8e0a613f4f1294147/Cython-0.29.34-cp36-cp36m-manylinux_2_5_i686.manylinux1_i686.manylinux_2_24_i686.whl", hash = "sha256:1d6c809e2f9ce5950bbc52a1d2352ef3d4fc56186b64cb0d50c8c5a3c1d17661"},
    {url = "https://files.pythonhosted.org/packages/28/83/6c1f92db53d1242a3ef3ba2d478875b6966dee22cc49cd83bc2ae845aae2/Cython-0.29.34-cp36-cp36m-manylinux_2_5_x86_64.manylinux1_x86_64.whl", hash = "sha256:9489de5b2044dcdfd9d6ca8242a02d560137b3c41b1f5ae1c4f6707d66d6e44d"},
    {url = "https://files.pythonhosted.org/packages/2c/7d/5bc25cbe8ef8680abcdbd019002dcf622b6f2060c95a5abf88b54d8b28e5/Cython-0.29.34-cp35-cp35m-manylinux_2_5_i686.manylinux1_i686.whl", hash = "sha256:a0f4229df10bc4545ebbeaaf96ebb706011d8b333e54ed202beb03f2bee0a50e"},
    {url = "https://files.pythonhosted.org/packages/2f/6d/7dc0e08b5305ffb790043535460c2bf2e1d2a74e46e1e284d0886c6cb0ed/Cython-0.29.34-cp39-cp39-manylinux_2_17_x86_64.manylinux2014_x86_64.manylinux_2_24_x86_64.whl", hash = "sha256:cfb2302ef617d647ee590a4c0a00ba3c2da05f301dcefe7721125565d2e51351"},
    {url = "https://files.pythonhosted.org/packages/42/e2/85ef37e984213c0867ca767846c61095d802cd5686ee338aaf8ea7354e94/Cython-0.29.34-cp38-cp38-manylinux_2_5_i686.manylinux1_i686.manylinux_2_24_i686.whl", hash = "sha256:7595d29eaee95633dd8060f50f0e54b27472d01587659557ebcfe39da3ea946b"},
    {url = "https://files.pythonhosted.org/packages/48/3f/146ae10a3a541b42bc07e7a92af1ca7bf10c3aa05f564616d5b7545b2132/Cython-0.29.34-cp27-cp27mu-manylinux_2_5_i686.manylinux1_i686.whl", hash = "sha256:5a8de3e793a576e40ca9b4f5518610cd416273c7dc5e254115656b6e4ec70663"},
    {url = "https://files.pythonhosted.org/packages/48/49/e06a169507f7bf43e5c3b3cb5e72cc363d898e86f25fa39f8968ed028147/Cython-0.29.34-cp39-cp39-manylinux_2_5_i686.manylinux1_i686.whl", hash = "sha256:0963266dad685812c1dbb758fcd4de78290e3adc7db271c8664dcde27380b13e"},
    {url = "https://files.pythonhosted.org/packages/4b/55/5d131b9f3d4f687e716b402c00eefccf2d0edeab556efe0a3c17bbbce305/Cython-0.29.34-cp36-cp36m-manylinux_2_17_x86_64.manylinux2014_x86_64.manylinux_2_24_x86_64.whl", hash = "sha256:459994d1de0f99bb18fad9f2325f760c4b392b1324aef37bcc1cd94922dfce41"},
    {url = "https://files.pythonhosted.org/packages/51/f0/76f99a049ca056459883b24c3265a82fda3e2093eef71b15717d7e2b75b3/Cython-0.29.34-cp310-cp310-musllinux_1_1_x86_64.whl", hash = "sha256:56866323f1660cecb4d5ff3a1fba92a56b91b7cfae0a8253777aa4bdb3bdf9a8"},
    {url = "https://files.pythonhosted.org/packages/53/97/118cd8e28787496e855f3f08641a91f9a7e94f33f986b1f0aa4a0ececa14/Cython-0.29.34-cp311-cp311-manylinux_2_17_aarch64.manylinux2014_aarch64.manylinux_2_24_aarch64.whl", hash = "sha256:e971db8aeb12e7c0697cefafe65eefcc33ff1224ae3d8c7f83346cbc42c6c270"},
    {url = "https://files.pythonhosted.org/packages/59/9f/58b57f086f1834a91756227de37dd96ff101b06e24c35957346803b87c6c/Cython-0.29.34-cp36-cp36m-manylinux_2_5_i686.manylinux1_i686.whl", hash = "sha256:f674ceb5f722d364395f180fbac273072fc1a266aab924acc9cfd5afc645aae1"},
    {url = "https://files.pythonhosted.org/packages/65/7b/170c1f941cdca31c13fba756c48628c707100ac3dc3033b12a7fdc92f99f/Cython-0.29.34-cp39-cp39-musllinux_1_1_x86_64.whl", hash = "sha256:44733366f1604b0c327613b6918469284878d2f5084297d10d26072fc6948d51"},
    {url = "https://files.pythonhosted.org/packages/68/65/8acfd6018b98d0ea7a9b62f3126a73408a540857efbb3bbaf00b12b84162/Cython-0.29.34-cp311-cp311-manylinux_2_17_x86_64.manylinux2014_x86_64.manylinux_2_24_x86_64.whl", hash = "sha256:e4401270b0dc464c23671e2e9d52a60985f988318febaf51b047190e855bbe7d"},
    {url = "https://files.pythonhosted.org/packages/6a/a0/2708e27d98d557a00b8ea7dc6c2a6c64c115508fda955234462ad3ee41eb/Cython-0.29.34-cp27-cp27mu-manylinux_2_5_x86_64.manylinux1_x86_64.whl", hash = "sha256:60969d38e6a456a67e7ef8ae20668eff54e32ba439d4068ccf2854a44275a30f"},
    {url = "https://files.pythonhosted.org/packages/6b/b8/5250d189bf221d9902092c4ac4dd0a5c16ba5eb7dff4e2d2ec7b76ef4543/Cython-0.29.34-cp37-cp37m-manylinux_2_5_x86_64.manylinux1_x86_64.whl", hash = "sha256:8c3cd8bb8e880a3346f5685601004d96e0a2221e73edcaeea57ea848618b4ac6"},
    {url = "https://files.pythonhosted.org/packages/6f/23/24664adeb330fc0048e9cee5321a23b2902ed3f5493b3fd27d7f84143f06/Cython-0.29.34-cp310-cp310-manylinux_2_17_x86_64.manylinux2014_x86_64.manylinux_2_24_x86_64.whl", hash = "sha256:308c8f1e58bf5e6e8a1c4dcf8abbd2d13d0f9b1e582f4d9ae8b89857342d8bb5"},
    {url = "https://files.pythonhosted.org/packages/71/1b/1fdf8d92c025435a1097ddff2a2470a761a607a0e62a341ff8c413684e1a/Cython-0.29.34-cp36-cp36m-manylinux_2_17_aarch64.manylinux2014_aarch64.manylinux_2_24_aarch64.whl", hash = "sha256:d7ef5f68f4c5baa93349ea54a352f8716d18bee9a37f3e93eff38a5d4e9b7262"},
    {url = "https://files.pythonhosted.org/packages/78/fe/3fad1d0583e98885dfd1d679fa42923a49c8f51924ffafb25f4f684148fb/Cython-0.29.34-cp310-cp310-manylinux_2_17_aarch64.manylinux2014_aarch64.manylinux_2_24_aarch64.whl", hash = "sha256:21b88200620d80cfe193d199b259cdad2b9af56f916f0f7f474b5a3631ca0caa"},
    {url = "https://files.pythonhosted.org/packages/8c/d0/5faddf9834eda4d6e040b04730078a5cd24f134a988c8b4ccca860df5f22/Cython-0.29.34-cp39-cp39-manylinux_2_5_x86_64.manylinux1_x86_64.whl", hash = "sha256:7879992487d9060a61393eeefe00d299210256928dce44d887b6be313d342bac"},
    {url = "https://files.pythonhosted.org/packages/90/4d/05a7e57fca50e527abc52160e3708c14ac67a16384db3e26046f0d5c5c99/Cython-0.29.34-cp27-cp27m-manylinux_2_5_i686.manylinux1_i686.whl", hash = "sha256:742544024ddb74314e2d597accdb747ed76bd126e61fcf49940a5b5be0a8f381"},
    {url = "https://files.pythonhosted.org/packages/96/28/c8815bb3aa85155dd39e0c717cf7816996c4587092417765073dc5ca9da0/Cython-0.29.34-cp39-cp39-manylinux_2_17_aarch64.manylinux2014_aarch64.manylinux_2_24_aarch64.whl", hash = "sha256:5718319a01489688fdd22ddebb8e2fcbbd60be5f30de4336ea7063c3ae29fbe5"},
    {url = "https://files.pythonhosted.org/packages/a0/85/8aad1a805e669b978c7e969209a9ce42d6776845f2ca47ec71b58f24e229/Cython-0.29.34-cp39-cp39-manylinux_2_5_i686.manylinux1_i686.manylinux_2_24_i686.whl", hash = "sha256:67b850cf46b861bc27226d31e1d87c0e69869a02f8d3cc5d5bef549764029879"},
    {url = "https://files.pythonhosted.org/packages/a2/a6/9577ec50401b10ada1603cb7caab62e260934dac0e49fbd52c4ba77b48d9/Cython-0.29.34-cp311-cp311-manylinux_2_5_i686.manylinux1_i686.manylinux_2_24_i686.whl", hash = "sha256:dce0a36d163c05ae8b21200059511217d79b47baf2b7b0f926e8367bd7a3cc24"},
    {url = "https://files.pythonhosted.org/packages/b3/4e/5ca633f3cdac081118d63e38afb7e1168384e5f3cc967cfe231078369fc4/Cython-0.29.34-cp38-cp38-manylinux_2_5_i686.manylinux1_i686.whl", hash = "sha256:e6ef7879668214d80ea3914c17e7d4e1ebf4242e0dd4dabe95ca5ccbe75589a5"},
    {url = "https://files.pythonhosted.org/packages/b6/db/4a94a698e5246f40bd355525a12cbc536936e816446362feb69d7ed98994/Cython-0.29.34-cp36-cp36m-musllinux_1_1_x86_64.whl", hash = "sha256:5c121dc185040f4333bfded68963b4529698e1b6d994da56be32c97a90c896b6"},
    {url = "https://files.pythonhosted.org/packages/b8/a6/8202af91cf8aa2e6b024d9d17d887f228d4173ae0101af9d25adff26cb70/Cython-0.29.34-cp38-cp38-musllinux_1_1_x86_64.whl", hash = "sha256:11b1b278b8edef215caaa5250ad65a10023bfa0b5a93c776552248fc6f60098d"},
    {url = "https://files.pythonhosted.org/packages/c1/f9/806de0ab488bf80317c19576799fc8242b3b7e91b72f080c4dafd0a6a091/Cython-0.29.34-cp37-cp37m-manylinux_2_5_i686.manylinux1_i686.whl", hash = "sha256:e40cf86aadc29ecd1cb6de67b0d9488705865deea4fc185c7ad56d7a6fc78703"},
    {url = "https://files.pythonhosted.org/packages/c2/91/fe73ac80359215b7887cc32fe873f210a0fdd8c334015ad154cb333e7d3d/Cython-0.29.34-cp27-cp27m-manylinux_2_5_x86_64.manylinux1_x86_64.whl", hash = "sha256:03daae07f8cbf797506446adae512c3dd86e7f27a62a541fa1ee254baf43e32c"},
    {url = "https://files.pythonhosted.org/packages/c3/20/152740fdc426f4a52b5615ec69b43dd1823fccee2cca2af28c12b37f0590/Cython-0.29.34-cp37-cp37m-manylinux_2_17_x86_64.manylinux2014_x86_64.manylinux_2_24_x86_64.whl", hash = "sha256:0ab3cbf3d62b0354631a45dc93cfcdf79098663b1c65a6033af4a452b52217a7"},
    {url = "https://files.pythonhosted.org/packages/c4/97/4bc6ac2c2334ff039c23a9f2aa99f70b7d07fa0a995a53c6d018a254cd4f/Cython-0.29.34-cp38-cp38-manylinux_2_17_aarch64.manylinux2014_aarch64.manylinux_2_24_aarch64.whl", hash = "sha256:bdb3285660e3068438791ace7dd7b1efd6b442a10b5c8d7a4f0c9d184d08c8ed"},
    {url = "https://files.pythonhosted.org/packages/d2/49/9845f14b6716614c832535b67e3b491434d7fdecf510fcb6fe254f60a974/Cython-0.29.34-py2.py3-none-any.whl", hash = "sha256:be4f6b7be75a201c290c8611c0978549c60353890204573078e865423dbe3c83"},
    {url = "https://files.pythonhosted.org/packages/e5/d6/82f3ec9c36b52d8ebb17067c32b7995f4c2bff450adc5b09536a0bde0d93/Cython-0.29.34-cp310-cp310-manylinux_2_5_i686.manylinux1_i686.manylinux_2_24_i686.whl", hash = "sha256:d8f822fb6ecd5d88c42136561f82960612421154fc5bf23c57103a367bb91356"},
    {url = "https://files.pythonhosted.org/packages/e6/e2/97bca65d197f06e31d06dea74509c560a64f5f7cd20ef089dfe12c54cd08/Cython-0.29.34-cp37-cp37m-manylinux_2_5_i686.manylinux1_i686.manylinux_2_24_i686.whl", hash = "sha256:4a2723447d1334484681d5aede34184f2da66317891f94b80e693a2f96a8f1a7"},
    {url = "https://files.pythonhosted.org/packages/f4/b1/f29d7c8f7aa68bf3c03bd593bc00abd80236f59fd02f4cc3bf980a51e036/Cython-0.29.34-cp37-cp37m-manylinux_2_17_aarch64.manylinux2014_aarch64.manylinux_2_24_aarch64.whl", hash = "sha256:b6149f7cc5b31bccb158c5b968e5a8d374fdc629792e7b928a9b66e08b03fca5"},
    {url = "https://files.pythonhosted.org/packages/f8/77/1d4e1487d93aaabfc696b733abe12f91cb3dac3d6fec2f53efb946ed7fc4/Cython-0.29.34-cp38-cp38-manylinux_2_5_x86_64.manylinux1_x86_64.whl", hash = "sha256:ccb223b5f0fd95d8d27561efc0c14502c0945f1a32274835831efa5d5baddfc1"},
]
"exceptiongroup 1.1.1" = [
    {url = "https://files.pythonhosted.org/packages/61/97/17ed81b7a8d24d8f69b62c0db37abbd8c0042d4b3fc429c73dab986e7483/exceptiongroup-1.1.1-py3-none-any.whl", hash = "sha256:232c37c63e4f682982c8b6459f33a8981039e5fb8756b2074364e5055c498c9e"},
    {url = "https://files.pythonhosted.org/packages/cc/38/57f14ddc8e8baeddd8993a36fe57ce7b4ba174c35048b9a6d270bb01e833/exceptiongroup-1.1.1.tar.gz", hash = "sha256:d484c3090ba2889ae2928419117447a14daf3c1231d5e30d0aae34f354f01785"},
]
"iniconfig 2.0.0" = [
    {url = "https://files.pythonhosted.org/packages/d7/4b/cbd8e699e64a6f16ca3a8220661b5f83792b3017d0f79807cb8708d33913/iniconfig-2.0.0.tar.gz", hash = "sha256:2d91e135bf72d31a410b17c16da610a82cb55f6b0477d1a902134b24a455b8b3"},
    {url = "https://files.pythonhosted.org/packages/ef/a6/62565a6e1cf69e10f5727360368e451d4b7f58beeac6173dc9db836a5b46/iniconfig-2.0.0-py3-none-any.whl", hash = "sha256:b6a85871a79d2e3b22d2d1b94ac2824226a63c6b741c88f7ae975f18b6778374"},
]
"lru-dict 1.1.8" = [
    {url = "https://files.pythonhosted.org/packages/04/9b/09fc782ab3392083f0167bb36de0fac88afe17ba8f9d7ed7f5eae30c843e/lru_dict-1.1.8-cp38-cp38-musllinux_1_1_x86_64.whl", hash = "sha256:97c24ffc55de6013075979f440acd174e88819f30387074639fb7d7178ca253e"},
    {url = "https://files.pythonhosted.org/packages/06/15/87e935a7e36a4dffe5423f77d613a6d7172b44261f07a8a3c283ef76d680/lru_dict-1.1.8-cp37-cp37m-musllinux_1_1_x86_64.whl", hash = "sha256:86d32a4498b74a75340497890a260d37bf1560ad2683969393032977dd36b088"},
    {url = "https://files.pythonhosted.org/packages/06/a3/d9bc0ce462fb8e8edeb44eb8a5176dea1e08539cd8c9c01b166313a7eba4/lru_dict-1.1.8-pp39-pypy39_pp73-manylinux_2_5_i686.manylinux1_i686.manylinux_2_17_i686.manylinux2014_i686.whl", hash = "sha256:5a592363c93d6fc6472d5affe2819e1c7590746aecb464774a4f67e09fbefdfc"},
    {url = "https://files.pythonhosted.org/packages/13/b8/6dc46059a9a71420180c0d891c5f5de5d830f7b6a7a704f2f132670b8229/lru_dict-1.1.8-pp38-pypy38_pp73-manylinux_2_5_x86_64.manylinux1_x86_64.manylinux_2_17_x86_64.manylinux2014_x86_64.whl", hash = "sha256:b6f64005ede008b7a866be8f3f6274dbf74e656e15e4004e9d99ad65efb01809"},
    {url = "https://files.pythonhosted.org/packages/1f/c8/e1679c42607f33c36912c51e2e5c50233fa518c4306c20a42b00cc09de98/lru_dict-1.1.8-pp38-pypy38_pp73-win_amd64.whl", hash = "sha256:9d70257246b8207e8ef3d8b18457089f5ff0dfb087bd36eb33bce6584f2e0b3a"},
    {url = "https://files.pythonhosted.org/packages/29/2a/23463d4b2529b9c5f3f900417cbc0b2356d9ccb60843cf29fa943bde5aee/lru_dict-1.1.8-pp37-pypy37_pp73-manylinux_2_5_x86_64.manylinux1_x86_64.manylinux_2_17_x86_64.manylinux2014_x86_64.whl", hash = "sha256:c07163c9dcbb2eca377f366b1331f46302fd8b6b72ab4d603087feca00044bb0"},
    {url = "https://files.pythonhosted.org/packages/2f/a9/c64df5a76c954c4a44d0704371b41fd128d8be6cef86c240afa65c224b89/lru_dict-1.1.8-pp39-pypy39_pp73-win_amd64.whl", hash = "sha256:9447214e4857e16d14158794ef01e4501d8fad07d298d03308d9f90512df02fa"},
    {url = "https://files.pythonhosted.org/packages/36/58/dd09b7e36f0430a4c7f5356a1001b64d617c50c7b2ac6d8822a8389f8160/lru_dict-1.1.8-cp39-cp39-macosx_10_9_x86_64.whl", hash = "sha256:484ac524e4615f06dc72ffbfd83f26e073c9ec256de5413634fbd024c010a8bc"},
    {url = "https://files.pythonhosted.org/packages/3a/5d/5d378502aea4b14e7832aa993ffa17fe320d9ae04b5de61ab807303dee62/lru_dict-1.1.8-pp37-pypy37_pp73-macosx_10_9_x86_64.whl", hash = "sha256:beb089c46bd95243d1ac5b2bd13627317b08bf40dd8dc16d4b7ee7ecb3cf65ca"},
    {url = "https://files.pythonhosted.org/packages/3a/fc/16bf2bf9b7a8dda64eb18b173f2cfe056f7f4d6f089f5188796eb79e6bc6/lru_dict-1.1.8-cp310-cp310-musllinux_1_1_x86_64.whl", hash = "sha256:5b09dbe47bc4b4d45ffe56067aff190bc3c0049575da6e52127e114236e0a6a7"},
    {url = "https://files.pythonhosted.org/packages/3d/b7/7b1b55b515a8de71459ef97caedb7b1cbed4509ee9dcb2cf5151860d8a65/lru_dict-1.1.8-cp36-cp36m-manylinux_2_5_x86_64.manylinux1_x86_64.manylinux_2_17_x86_64.manylinux2014_x86_64.whl", hash = "sha256:1fe16ade5fd0a57e9a335f69b8055aaa6fb278fbfa250458e4f6b8255115578f"},
    {url = "https://files.pythonhosted.org/packages/3f/40/9a36d7228485e7f1ecea3347692dff47783129eb939d201fcad67690a267/lru_dict-1.1.8-cp310-cp310-manylinux_2_5_i686.manylinux1_i686.manylinux_2_17_i686.manylinux2014_i686.whl", hash = "sha256:f877f53249c3e49bbd7612f9083127290bede6c7d6501513567ab1bf9c581381"},
    {url = "https://files.pythonhosted.org/packages/3f/f9/1087b495c70a98e68a3b85f71f75adb7bed70d943b70e750d6b930d7926b/lru_dict-1.1.8-cp310-cp310-win32.whl", hash = "sha256:3b1692755fef288b67af5cd8a973eb331d1f44cb02cbdc13660040809c2bfec6"},
    {url = "https://files.pythonhosted.org/packages/43/84/712ba1e118127b086998d89a5231984dc17d254fd95d42d5b79e2946cece/lru_dict-1.1.8-cp38-cp38-manylinux_2_5_i686.manylinux1_i686.manylinux_2_17_i686.manylinux2014_i686.whl", hash = "sha256:99f6cfb3e28490357a0805b409caf693e46c61f8dbb789c51355adb693c568d3"},
    {url = "https://files.pythonhosted.org/packages/47/39/de3daa30a8ce30926e301c417d3dd86d274d3fbb830298f46cf98f1e40fa/lru_dict-1.1.8-cp38-cp38-win32.whl", hash = "sha256:0f83cd70a6d32f9018d471be609f3af73058f700691657db4a3d3dd78d3f96dd"},
    {url = "https://files.pythonhosted.org/packages/4a/f3/544b6909a025e745a14317f5e68343ad03af2860941c316bb8b28e777c80/lru_dict-1.1.8-cp37-cp37m-win32.whl", hash = "sha256:348167f110494cfafae70c066470a6f4e4d43523933edf16ccdb8947f3b5fae0"},
    {url = "https://files.pythonhosted.org/packages/5b/d8/3707605c58cd6e021dce1d33af3f344fc0b8d7c096c0ca1cbed9e857c5ea/lru_dict-1.1.8-pp38-pypy38_pp73-macosx_10_9_x86_64.whl", hash = "sha256:55aeda6b6789b2d030066b4f5f6fc3596560ba2a69028f35f3682a795701b5b1"},
    {url = "https://files.pythonhosted.org/packages/64/2d/8681cf93614ae12fd876cf00df7d540a58c1cbc202945ea37e13baf95812/lru_dict-1.1.8-cp38-cp38-macosx_10_9_x86_64.whl", hash = "sha256:a777d48319d293b1b6a933d606c0e4899690a139b4c81173451913bbcab6f44f"},
    {url = "https://files.pythonhosted.org/packages/65/3d/b7d008d84210cba9a982ffa5fea8d488715995c5f44d2fdb51e10d692ad8/lru_dict-1.1.8-cp310-cp310-musllinux_1_1_i686.whl", hash = "sha256:db20597c4e67b4095b376ce2e83930c560f4ce481e8d05737885307ed02ba7c1"},
    {url = "https://files.pythonhosted.org/packages/66/ce/ac23af183ddabd3135de96725290d6723fd4b94020194a3f5e34ac4ec0b5/lru_dict-1.1.8-cp39-cp39-musllinux_1_1_x86_64.whl", hash = "sha256:f4d0a6d733a23865019b1c97ed6fb1fdb739be923192abf4dbb644f697a26a69"},
    {url = "https://files.pythonhosted.org/packages/67/67/100964a562a35b7302232d7241300e55afb560b9646e3ba93b1864481325/lru_dict-1.1.8-cp310-cp310-macosx_10_9_x86_64.whl", hash = "sha256:f9d5815c0e85922cd0fb8344ca8b1c7cf020bf9fc45e670d34d51932c91fd7ec"},
    {url = "https://files.pythonhosted.org/packages/6b/dc/57117ee585beb0c65fd15187a42d02b3b9fa89b69fb105f2c86dbd0a9874/lru_dict-1.1.8-cp37-cp37m-macosx_10_9_x86_64.whl", hash = "sha256:075b9dd46d7022b675419bc6e3631748ae184bc8af195d20365a98b4f3bb2914"},
    {url = "https://files.pythonhosted.org/packages/74/68/844462046819cc3831f387b5005ad7258cd7b4dcebcc3c886bf2b9bd5774/lru_dict-1.1.8-cp37-cp37m-musllinux_1_1_i686.whl", hash = "sha256:c2fe692332c2f1d81fd27457db4b35143801475bfc2e57173a2403588dd82a42"},
    {url = "https://files.pythonhosted.org/packages/76/b4/59b15a2a3c28a2b60eb8ed2df497bc6b048ed00be71d582e0c4874ede404/lru_dict-1.1.8-cp36-cp36m-win_amd64.whl", hash = "sha256:d2ed4151445c3f30423c2698f72197d64b27b1cd61d8d56702ffe235584e47c2"},
    {url = "https://files.pythonhosted.org/packages/79/da/138e76e2e9ecf074a5ee26cacbd0676e1efdfff2bda3e6f40a6dc8728bf3/lru-dict-1.1.8.tar.gz", hash = "sha256:878bc8ef4073e5cfb953dfc1cf4585db41e8b814c0106abde34d00ee0d0b3115"},
    {url = "https://files.pythonhosted.org/packages/7a/1a/9e67f31872966cbef86b3288135cf29ae007f6488b073bb30ff3fdf843dd/lru_dict-1.1.8-pp39-pypy39_pp73-macosx_10_9_x86_64.whl", hash = "sha256:f874e9c2209dada1a080545331aa1277ec060a13f61684a8642788bf44b2325f"},
    {url = "https://files.pythonhosted.org/packages/81/8a/1b47d47a52909e4586bf77fa0bc7cc966b0ea226f18c756a0b13028cc786/lru_dict-1.1.8-pp37-pypy37_pp73-win_amd64.whl", hash = "sha256:93336911544ebc0e466272043adab9fb9f6e9dcba6024b639c32553a3790e089"},
    {url = "https://files.pythonhosted.org/packages/8c/3c/3ad8839eb9fdd8bf580bae1a8d45cb97af1233e9bbeb936374dbd081b73a/lru_dict-1.1.8-cp37-cp37m-manylinux_2_5_i686.manylinux1_i686.manylinux_2_17_i686.manylinux2014_i686.whl", hash = "sha256:70364e3cbef536adab8762b4835e18f5ca8e3fddd8bd0ec9258c42bbebd0ee77"},
    {url = "https://files.pythonhosted.org/packages/8f/a3/376da600021ca79d943a09e31bc327b4e7f3779f2afb2404f9c9d8ce4e4f/lru_dict-1.1.8-pp39-pypy39_pp73-manylinux_2_5_x86_64.manylinux1_x86_64.manylinux_2_17_x86_64.manylinux2014_x86_64.whl", hash = "sha256:2f340b61f3cdfee71f66da7dbfd9a5ea2db6974502ccff2065cdb76619840dca"},
    {url = "https://files.pythonhosted.org/packages/93/61/96880253556bf2f0f7c700b76c9b8f497d186fa7d1959c4b7c3c86a27ce2/lru_dict-1.1.8-cp38-cp38-musllinux_1_1_i686.whl", hash = "sha256:0972d669e9e207617e06416166718b073a49bf449abbd23940d9545c0847a4d9"},
    {url = "https://files.pythonhosted.org/packages/9d/19/34eed3aafa6030d4db363ead1a8d918ab6ee8049321b5b18f6668602e22a/lru_dict-1.1.8-cp39-cp39-manylinux_2_5_x86_64.manylinux1_x86_64.manylinux_2_17_x86_64.manylinux2014_x86_64.whl", hash = "sha256:3ca497cb25f19f24171f9172805f3ff135b911aeb91960bd4af8e230421ccb51"},
    {url = "https://files.pythonhosted.org/packages/a3/27/1d9fe880ec7bb673e88a6a094093e9c08348d5aed939d98ca071ce3a116c/lru_dict-1.1.8-pp38-pypy38_pp73-manylinux_2_5_i686.manylinux1_i686.manylinux_2_17_i686.manylinux2014_i686.whl", hash = "sha256:262a4e622010ceb960a6a5222ed011090e50954d45070fd369c0fa4d2ed7d9a9"},
    {url = "https://files.pythonhosted.org/packages/aa/57/946d7869991d52f1015690f3dc9b34ae7c1a0188fe333dbc5c4cd153b625/lru_dict-1.1.8-cp39-cp39-win32.whl", hash = "sha256:7be1b66926277993cecdc174c15a20c8ce785c1f8b39aa560714a513eef06473"},
    {url = "https://files.pythonhosted.org/packages/ab/fc/a78368b65b8a9fa9f09f72e90e786b651d406205b84cca27a1cb988da1fc/lru_dict-1.1.8-cp39-cp39-musllinux_1_1_i686.whl", hash = "sha256:f1df1da204a9f0b5eb8393a46070f1d984fa8559435ee790d7f8f5602038fc00"},
    {url = "https://files.pythonhosted.org/packages/ad/d8/49c86d9c5dd0db061e37367d85c6156b1514db5d619b0a9020dbd8cc6687/lru_dict-1.1.8-cp37-cp37m-manylinux_2_5_x86_64.manylinux1_x86_64.manylinux_2_17_x86_64.manylinux2014_x86_64.whl", hash = "sha256:720f5728e537f11a311e8b720793a224e985d20e6b7c3d34a891a391865af1a2"},
    {url = "https://files.pythonhosted.org/packages/b1/f3/643d1ed17b233941c88eaebff9121fca12ef39632e63b90ffe0ab7236899/lru_dict-1.1.8-cp39-cp39-manylinux_2_5_i686.manylinux1_i686.manylinux_2_17_i686.manylinux2014_i686.whl", hash = "sha256:7284bdbc5579bbdc3fc8f869ed4c169f403835566ab0f84567cdbfdd05241847"},
    {url = "https://files.pythonhosted.org/packages/c1/6e/94cef05d81f2a2ff13217dcd51d5af767b481714420aeecba6b2d6442433/lru_dict-1.1.8-cp310-cp310-manylinux_2_5_x86_64.manylinux1_x86_64.manylinux_2_17_x86_64.manylinux2014_x86_64.whl", hash = "sha256:3fef595c4f573141d54a38bda9221b9ee3cbe0acc73d67304a1a6d5972eb2a02"},
    {url = "https://files.pythonhosted.org/packages/c9/72/39c4e8323a7343f3efddcfb8ba021e7758b36f2b834270badbe9cc7665a5/lru_dict-1.1.8-cp36-cp36m-manylinux_2_5_i686.manylinux1_i686.manylinux_2_17_i686.manylinux2014_i686.whl", hash = "sha256:8c50ab9edaa5da5838426816a2b7bcde9d576b4fc50e6a8c062073dbc4969d78"},
    {url = "https://files.pythonhosted.org/packages/ca/93/a3d817cbb288695a763df98ef0b8eeadb655e768c53227e43bbfc1cdee0e/lru_dict-1.1.8-cp310-cp310-win_amd64.whl", hash = "sha256:8f6561f9cd5a452cb84905c6a87aa944fdfdc0f41cc057d03b71f9b29b2cc4bd"},
    {url = "https://files.pythonhosted.org/packages/cf/ac/3881960fade7449c8ee03e6ed482fc00ec0ce29f58c06cc8204fb1c49755/lru_dict-1.1.8-cp36-cp36m-musllinux_1_1_x86_64.whl", hash = "sha256:3d003a864899c29b0379e412709a6e516cbd6a72ee10b09d0b33226343617412"},
    {url = "https://files.pythonhosted.org/packages/e2/bc/b4700f899bd048c30f83633614d86735787b13b157341a9e3ec69968f4eb/lru_dict-1.1.8-cp38-cp38-win_amd64.whl", hash = "sha256:add762163f4af7f4173fafa4092eb7c7f023cf139ef6d2015cfea867e1440d82"},
    {url = "https://files.pythonhosted.org/packages/e5/0d/f499e15e77ba9f69a36c3727617d1bcb5d1d09c7eb5ba577a7b0388e98cc/lru_dict-1.1.8-pp37-pypy37_pp73-manylinux_2_5_i686.manylinux1_i686.manylinux_2_17_i686.manylinux2014_i686.whl", hash = "sha256:10fe823ff90b655f0b6ba124e2b576ecda8c61b8ead76b456db67831942d22f2"},
    {url = "https://files.pythonhosted.org/packages/e6/12/48ca3ea94eb0a3cb9673cf44b480f4fa948d8da209b7f5d769892ab98e1f/lru_dict-1.1.8-cp36-cp36m-musllinux_1_1_i686.whl", hash = "sha256:de972c7f4bc7b6002acff2a8de984c55fbd7f2289dba659cfd90f7a0f5d8f5d1"},
    {url = "https://files.pythonhosted.org/packages/ee/c6/011cb976778b44a71e06f3e6e1545cb5d10248458585f18742a93769ae9c/lru_dict-1.1.8-cp36-cp36m-win32.whl", hash = "sha256:6e2a7aa9e36626fb48fdc341c7e3685a31a7b50ea4918677ea436271ad0d904d"},
    {url = "https://files.pythonhosted.org/packages/f0/3a/9468f46aaf75889e76c2f6a0cf3061aa075e52da80d5fbdd3b59ff719703/lru_dict-1.1.8-cp39-cp39-win_amd64.whl", hash = "sha256:881104711900af45967c2e5ce3e62291dd57d5b2a224d58b7c9f60bf4ad41b8c"},
    {url = "https://files.pythonhosted.org/packages/f6/42/a53c1dfa36cfb7b103321caaa6235936d8fab6d019414ef815b6a5e92b10/lru_dict-1.1.8-cp37-cp37m-win_amd64.whl", hash = "sha256:9be6c4039ef328676b868acea619cd100e3de1a35b3be211cf0eaf9775563b65"},
    {url = "https://files.pythonhosted.org/packages/f7/71/bc5a0baaa1529c672ccbe9408678300a6e81be58190d53e3e1322e7a989c/lru_dict-1.1.8-cp38-cp38-manylinux_2_5_x86_64.manylinux1_x86_64.manylinux_2_17_x86_64.manylinux2014_x86_64.whl", hash = "sha256:163079dbda54c3e6422b23da39fb3ecc561035d65e8496ff1950cbdb376018e1"},
    {url = "https://files.pythonhosted.org/packages/fb/88/2d92fb6a8d7f0e55c9315709745e45ccf229d552ca1701c17b56c149b114/lru_dict-1.1.8-cp36-cp36m-macosx_10_9_x86_64.whl", hash = "sha256:ca8f89361e0e7aad0bf93ae03a31502e96280faeb7fb92267f4998fb230d36b2"},
]
"packaging 23.0" = [
    {url = "https://files.pythonhosted.org/packages/47/d5/aca8ff6f49aa5565df1c826e7bf5e85a6df852ee063600c1efa5b932968c/packaging-23.0.tar.gz", hash = "sha256:b6ad297f8907de0fa2fe1ccbd26fdaf387f5f47c7275fedf8cce89f99446cf97"},
    {url = "https://files.pythonhosted.org/packages/ed/35/a31aed2993e398f6b09a790a181a7927eb14610ee8bbf02dc14d31677f1c/packaging-23.0-py3-none-any.whl", hash = "sha256:714ac14496c3e68c99c29b00845f7a2b85f3bb6f1078fd9f72fd20f0570002b2"},
]
"pluggy 1.0.0" = [
    {url = "https://files.pythonhosted.org/packages/9e/01/f38e2ff29715251cf25532b9082a1589ab7e4f571ced434f98d0139336dc/pluggy-1.0.0-py2.py3-none-any.whl", hash = "sha256:74134bbf457f031a36d68416e1509f34bd5ccc019f0bcc952c7b909d06b37bd3"},
    {url = "https://files.pythonhosted.org/packages/a1/16/db2d7de3474b6e37cbb9c008965ee63835bba517e22cdb8c35b5116b5ce1/pluggy-1.0.0.tar.gz", hash = "sha256:4224373bacce55f955a878bf9cfa763c1e360858e330072059e10bad68531159"},
]
"pytest 7.2.2" = [
    {url = "https://files.pythonhosted.org/packages/b2/68/5321b5793bd506961bd40bdbdd0674e7de4fb873ee7cab33dd27283ad513/pytest-7.2.2-py3-none-any.whl", hash = "sha256:130328f552dcfac0b1cec75c12e3f005619dc5f874f0a06e8ff7263f0ee6225e"},
    {url = "https://files.pythonhosted.org/packages/b9/29/311895d9cd3f003dd58e8fdea36dd895ba2da5c0c90601836f7de79f76fe/pytest-7.2.2.tar.gz", hash = "sha256:c99ab0c73aceb050f68929bc93af19ab6db0558791c6a0715723abe9d0ade9d4"},
]
"tomli 2.0.1" = [
    {url = "https://files.pythonhosted.org/packages/97/75/10a9ebee3fd790d20926a90a2547f0bf78f371b2f13aa822c759680ca7b9/tomli-2.0.1-py3-none-any.whl", hash = "sha256:939de3e7a6161af0c887ef91b7d41a53e7c5a1ca976325f429cb46ea9bc30ecc"},
    {url = "https://files.pythonhosted.org/packages/c0/3f/d7af728f075fb08564c5949a9c95e44352e23dee646869fa104a3b2060a3/tomli-2.0.1.tar.gz", hash = "sha256:de526c12914f0c550d15924c62d72abc48d6fe7364aa87328337a31007fe8a4f"},
]
"typing-extensions 4.5.0" = [
    {url = "https://files.pythonhosted.org/packages/31/25/5abcd82372d3d4a3932e1fa8c3dbf9efac10cc7c0d16e78467460571b404/typing_extensions-4.5.0-py3-none-any.whl", hash = "sha256:fb33085c39dd998ac16d1431ebc293a8b3eedd00fd4a32de0ff79002c19511b4"},
    {url = "https://files.pythonhosted.org/packages/d3/20/06270dac7316220643c32ae61694e451c98f8caf4c8eab3aa80a2bedf0df/typing_extensions-4.5.0.tar.gz", hash = "sha256:5cb5f4a79139d699607b3ef622a1dedafa84e115ab0024e0d9c044a9479ca7cb"},
]
